
Microsoft Visual Studio Solution File, Format Version 12.00
# Visual Studio Version 16
VisualStudioVersion = 16.0.30517.126
MinimumVisualStudioVersion = 10.0.40219.1
Project("{FAE04EC0-301F-11D3-BF4B-00C04F79EFBC}") = "FriendOrganizer.UI", "FriendOrganizer.UI\FriendOrganizer.UI.csproj", "{415ED342-BE5C-4DCC-8868-5FBE8A31F743}"
EndProject
Project("{FAE04EC0-301F-11D3-BF4B-00C04F79EFBC}") = "FriendOrganizer.DataAccess", "FriendOrganizer.DataAccess\FriendOrganizer.DataAccess.csproj", "{4C3CCE79-CE47-4C42-A9A0-19665122A942}"
EndProject
Project("{FAE04EC0-301F-11D3-BF4B-00C04F79EFBC}") = "FriendOrganizer.Model", "FriendOrganizer.Model\FriendOrganizer.Model.csproj", "{9B26194F-5906-452D-A5E4-F8BFE11D0406}"
EndProject
Global
	GlobalSection(SolutionConfigurationPlatforms) = preSolution
		Debug|Any CPU = Debug|Any CPU
		Release|Any CPU = Release|Any CPU
	EndGlobalSection
	GlobalSection(ProjectConfigurationPlatforms) = postSolution
		{415ED342-BE5C-4DCC-8868-5FBE8A31F743}.Debug|Any CPU.ActiveCfg = Debug|Any CPU
		{415ED342-BE5C-4DCC-8868-5FBE8A31F743}.Debug|Any CPU.Build.0 = Debug|Any CPU
		{415ED342-BE5C-4DCC-8868-5FBE8A31F743}.Release|Any CPU.ActiveCfg = Release|Any CPU
		{415ED342-BE5C-4DCC-8868-5FBE8A31F743}.Release|Any CPU.Build.0 = Release|Any CPU
		{4C3CCE79-CE47-4C42-A9A0-19665122A942}.Debug|Any CPU.ActiveCfg = Debug|Any CPU
		{4C3CCE79-CE47-4C42-A9A0-19665122A942}.Debug|Any CPU.Build.0 = Debug|Any CPU
		{4C3CCE79-CE47-4C42-A9A0-19665122A942}.Release|Any CPU.ActiveCfg = Release|Any CPU
		{4C3CCE79-CE47-4C42-A9A0-19665122A942}.Release|Any CPU.Build.0 = Release|Any CPU
		{9B26194F-5906-452D-A5E4-F8BFE11D0406}.Debug|Any CPU.ActiveCfg = Debug|Any CPU
		{9B26194F-5906-452D-A5E4-F8BFE11D0406}.Debug|Any CPU.Build.0 = Debug|Any CPU
		{9B26194F-5906-452D-A5E4-F8BFE11D0406}.Release|Any CPU.ActiveCfg = Release|Any CPU
		{9B26194F-5906-452D-A5E4-F8BFE11D0406}.Release|Any CPU.Build.0 = Release|Any CPU
	EndGlobalSection
	GlobalSection(SolutionProperties) = preSolution
		HideSolutionNode = FALSE
	EndGlobalSection
	GlobalSection(ExtensibilityGlobals) = postSolution
		SolutionGuid = {80B445F6-AF35-46FE-BF51-22F9C7DC922E}
	EndGlobalSection
EndGlobal
